// !$*UTF8*$!
{
	archiveVersion = 1;
	classes = {
	};
	objectVersion = 50;
	objects = {

/* Begin PBXBuildFile section */
		191B40CE213B3D5C00FC145E /* pnginfo.h in Headers */ = {isa = PBXBuildFile; fileRef = 191B40A6213B3D5C00FC145E /* pnginfo.h */; };
		191B40CF213B3D5C00FC145E /* pngtest.c in Sources */ = {isa = PBXBuildFile; fileRef = 191B40A7213B3D5C00FC145E /* pngtest.c */; };
		191B40D0213B3D5C00FC145E /* pngrio.c in Sources */ = {isa = PBXBuildFile; fileRef = 191B40A8213B3D5C00FC145E /* pngrio.c */; };
		191B40D1213B3D5C00FC145E /* pngerror.c in Sources */ = {isa = PBXBuildFile; fileRef = 191B40A9213B3D5C00FC145E /* pngerror.c */; };
		191B40D2213B3D5C00FC145E /* pngwio.c in Sources */ = {isa = PBXBuildFile; fileRef = 191B40AD213B3D5C00FC145E /* pngwio.c */; };
		191B40D3213B3D5C00FC145E /* pngstruct.h in Headers */ = {isa = PBXBuildFile; fileRef = 191B40AE213B3D5C00FC145E /* pngstruct.h */; };
		191B40D4213B3D5C00FC145E /* pngtrans.c in Sources */ = {isa = PBXBuildFile; fileRef = 191B40B0213B3D5C00FC145E /* pngtrans.c */; };
		191B40D5213B3D5C00FC145E /* pngpriv.h in Headers */ = {isa = PBXBuildFile; fileRef = 191B40B2213B3D5C00FC145E /* pngpriv.h */; };
		191B40D6213B3D5C00FC145E /* pngwrite.c in Sources */ = {isa = PBXBuildFile; fileRef = 191B40B4213B3D5C00FC145E /* pngwrite.c */; };
		191B40D7213B3D5C00FC145E /* png.h in Headers */ = {isa = PBXBuildFile; fileRef = 191B40B6213B3D5C00FC145E /* png.h */; };
		191B40D8213B3D5C00FC145E /* pngwutil.c in Sources */ = {isa = PBXBuildFile; fileRef = 191B40B9213B3D5C00FC145E /* pngwutil.c */; };
		191B40D9213B3D5C00FC145E /* pngwtran.c in Sources */ = {isa = PBXBuildFile; fileRef = 191B40BB213B3D5C00FC145E /* pngwtran.c */; };
		191B40DA213B3D5C00FC145E /* example.c in Sources */ = {isa = PBXBuildFile; fileRef = 191B40BC213B3D5C00FC145E /* example.c */; };
		191B40DB213B3D5C00FC145E /* pnglibconf.h in Headers */ = {isa = PBXBuildFile; fileRef = 191B40BD213B3D5C00FC145E /* pnglibconf.h */; };
		191B40DC213B3D5C00FC145E /* pngconf.h in Headers */ = {isa = PBXBuildFile; fileRef = 191B40BE213B3D5C00FC145E /* pngconf.h */; };
		191B40DD213B3D5C00FC145E /* pngpread.c in Sources */ = {isa = PBXBuildFile; fileRef = 191B40BF213B3D5C00FC145E /* pngpread.c */; };
		191B40DE213B3D5C00FC145E /* pngdebug.h in Headers */ = {isa = PBXBuildFile; fileRef = 191B40C0213B3D5C00FC145E /* pngdebug.h */; };
		191B40DF213B3D5C00FC145E /* pngread.c in Sources */ = {isa = PBXBuildFile; fileRef = 191B40C2213B3D5C00FC145E /* pngread.c */; };
		191B40E0213B3D5C00FC145E /* pngmem.c in Sources */ = {isa = PBXBuildFile; fileRef = 191B40C5213B3D5C00FC145E /* pngmem.c */; };
		191B40E1213B3D5C00FC145E /* pngget.c in Sources */ = {isa = PBXBuildFile; fileRef = 191B40C6213B3D5C00FC145E /* pngget.c */; };
		191B40E2213B3D5C00FC145E /* png.c in Sources */ = {isa = PBXBuildFile; fileRef = 191B40C8213B3D5C00FC145E /* png.c */; };
		191B40E3213B3D5C00FC145E /* pngrtran.c in Sources */ = {isa = PBXBuildFile; fileRef = 191B40C9213B3D5C00FC145E /* pngrtran.c */; };
		191B40E4213B3D5C00FC145E /* pngrutil.c in Sources */ = {isa = PBXBuildFile; fileRef = 191B40CA213B3D5C00FC145E /* pngrutil.c */; };
		191B40E5213B3D5C00FC145E /* pngset.c in Sources */ = {isa = PBXBuildFile; fileRef = 191B40CC213B3D5C00FC145E /* pngset.c */; };
/* End PBXBuildFile section */

/* Begin PBXFileReference section */
		191B409E213B3D1500FC145E /* libLibPNG.a */ = {isa = PBXFileReference; explicitFileType = archive.ar; includeInIndex = 0; path = libLibPNG.a; sourceTree = BUILT_PRODUCTS_DIR; };
		191B40A6213B3D5C00FC145E /* pnginfo.h */ = {isa = PBXFileReference; fileEncoding = 4; lastKnownFileType = sourcecode.c.h; path = pnginfo.h; sourceTree = "<group>"; };
		191B40A7213B3D5C00FC145E /* pngtest.c */ = {isa = PBXFileReference; fileEncoding = 4; lastKnownFileType = sourcecode.c.c; path = pngtest.c; sourceTree = "<group>"; };
		191B40A8213B3D5C00FC145E /* pngrio.c */ = {isa = PBXFileReference; fileEncoding = 4; lastKnownFileType = sourcecode.c.c; path = pngrio.c; sourceTree = "<group>"; };
		191B40A9213B3D5C00FC145E /* pngerror.c */ = {isa = PBXFileReference; fileEncoding = 4; lastKnownFileType = sourcecode.c.c; path = pngerror.c; sourceTree = "<group>"; };
		191B40AA213B3D5C00FC145E /* INSTALL */ = {isa = PBXFileReference; fileEncoding = 4; lastKnownFileType = text; path = INSTALL; sourceTree = "<group>"; };
		191B40AB213B3D5C00FC145E /* ANNOUNCE */ = {isa = PBXFileReference; fileEncoding = 4; lastKnownFileType = text; path = ANNOUNCE; sourceTree = "<group>"; };
		191B40AC213B3D5C00FC145E /* CMakeLists.txt */ = {isa = PBXFileReference; fileEncoding = 4; lastKnownFileType = text; path = CMakeLists.txt; sourceTree = "<group>"; };
		191B40AD213B3D5C00FC145E /* pngwio.c */ = {isa = PBXFileReference; fileEncoding = 4; lastKnownFileType = sourcecode.c.c; path = pngwio.c; sourceTree = "<group>"; };
		191B40AE213B3D5C00FC145E /* pngstruct.h */ = {isa = PBXFileReference; fileEncoding = 4; lastKnownFileType = sourcecode.c.h; path = pngstruct.h; sourceTree = "<group>"; };
		191B40AF213B3D5C00FC145E /* LICENSE */ = {isa = PBXFileReference; fileEncoding = 4; lastKnownFileType = text; path = LICENSE; sourceTree = "<group>"; };
		191B40B0213B3D5C00FC145E /* pngtrans.c */ = {isa = PBXFileReference; fileEncoding = 4; lastKnownFileType = sourcecode.c.c; path = pngtrans.c; sourceTree = "<group>"; };
		191B40B1213B3D5C00FC145E /* configure */ = {isa = PBXFileReference; fileEncoding = 4; lastKnownFileType = text.script.sh; path = configure; sourceTree = "<group>"; };
		191B40B2213B3D5C00FC145E /* pngpriv.h */ = {isa = PBXFileReference; fileEncoding = 4; lastKnownFileType = sourcecode.c.h; path = pngpriv.h; sourceTree = "<group>"; };
		191B40B3213B3D5C00FC145E /* CHANGES */ = {isa = PBXFileReference; fileEncoding = 4; lastKnownFileType = text; path = CHANGES; sourceTree = "<group>"; };
		191B40B4213B3D5C00FC145E /* pngwrite.c */ = {isa = PBXFileReference; fileEncoding = 4; lastKnownFileType = sourcecode.c.c; path = pngwrite.c; sourceTree = "<group>"; };
		191B40B5213B3D5C00FC145E /* LibPNG.2017.vcxproj */ = {isa = PBXFileReference; fileEncoding = 4; lastKnownFileType = text.xml; path = LibPNG.2017.vcxproj; sourceTree = "<group>"; };
		191B40B6213B3D5C00FC145E /* png.h */ = {isa = PBXFileReference; fileEncoding = 4; lastKnownFileType = sourcecode.c.h; path = png.h; sourceTree = "<group>"; };
		191B40B7213B3D5C00FC145E /* LibPNG.2013.vcxproj.filters */ = {isa = PBXFileReference; fileEncoding = 4; lastKnownFileType = text.xml; path = LibPNG.2013.vcxproj.filters; sourceTree = "<group>"; };
		191B40B8213B3D5C00FC145E /* README */ = {isa = PBXFileReference; fileEncoding = 4; lastKnownFileType = text; path = README; sourceTree = "<group>"; };
		191B40B9213B3D5C00FC145E /* pngwutil.c */ = {isa = PBXFileReference; fileEncoding = 4; lastKnownFileType = sourcecode.c.c; path = pngwutil.c; sourceTree = "<group>"; };
		191B40BA213B3D5C00FC145E /* TODO */ = {isa = PBXFileReference; fileEncoding = 4; lastKnownFileType = text; path = TODO; sourceTree = "<group>"; };
		191B40BB213B3D5C00FC145E /* pngwtran.c */ = {isa = PBXFileReference; fileEncoding = 4; lastKnownFileType = sourcecode.c.c; path = pngwtran.c; sourceTree = "<group>"; };
		191B40BC213B3D5C00FC145E /* example.c */ = {isa = PBXFileReference; fileEncoding = 4; lastKnownFileType = sourcecode.c.c; path = example.c; sourceTree = "<group>"; };
		191B40BD213B3D5C00FC145E /* pnglibconf.h */ = {isa = PBXFileReference; fileEncoding = 4; lastKnownFileType = sourcecode.c.h; path = pnglibconf.h; sourceTree = "<group>"; };
		191B40BE213B3D5C00FC145E /* pngconf.h */ = {isa = PBXFileReference; fileEncoding = 4; lastKnownFileType = sourcecode.c.h; path = pngconf.h; sourceTree = "<group>"; };
		191B40BF213B3D5C00FC145E /* pngpread.c */ = {isa = PBXFileReference; fileEncoding = 4; lastKnownFileType = sourcecode.c.c; path = pngpread.c; sourceTree = "<group>"; };
		191B40C0213B3D5C00FC145E /* pngdebug.h */ = {isa = PBXFileReference; fileEncoding = 4; lastKnownFileType = sourcecode.c.h; path = pngdebug.h; sourceTree = "<group>"; };
		191B40C1213B3D5C00FC145E /* LibPNG.2013.vcxproj */ = {isa = PBXFileReference; fileEncoding = 4; lastKnownFileType = text.xml; path = LibPNG.2013.vcxproj; sourceTree = "<group>"; };
		191B40C2213B3D5C00FC145E /* pngread.c */ = {isa = PBXFileReference; fileEncoding = 4; lastKnownFileType = sourcecode.c.c; path = pngread.c; sourceTree = "<group>"; };
		191B40C3213B3D5C00FC145E /* libpng.3 */ = {isa = PBXFileReference; fileEncoding = 4; lastKnownFileType = text; path = libpng.3; sourceTree = "<group>"; };
		191B40C4213B3D5C00FC145E /* libpngpf.3 */ = {isa = PBXFileReference; fileEncoding = 4; lastKnownFileType = text; path = libpngpf.3; sourceTree = "<group>"; };
		191B40C5213B3D5C00FC145E /* pngmem.c */ = {isa = PBXFileReference; fileEncoding = 4; lastKnownFileType = sourcecode.c.c; path = pngmem.c; sourceTree = "<group>"; };
		191B40C6213B3D5C00FC145E /* pngget.c */ = {isa = PBXFileReference; fileEncoding = 4; lastKnownFileType = sourcecode.c.c; path = pngget.c; sourceTree = "<group>"; };
		191B40C7213B3D5C00FC145E /* LibPNG.2017.vcxproj.filters */ = {isa = PBXFileReference; fileEncoding = 4; lastKnownFileType = text.xml; path = LibPNG.2017.vcxproj.filters; sourceTree = "<group>"; };
		191B40C8213B3D5C00FC145E /* png.c */ = {isa = PBXFileReference; fileEncoding = 4; lastKnownFileType = sourcecode.c.c; path = png.c; sourceTree = "<group>"; };
		191B40C9213B3D5C00FC145E /* pngrtran.c */ = {isa = PBXFileReference; fileEncoding = 4; lastKnownFileType = sourcecode.c.c; path = pngrtran.c; sourceTree = "<group>"; };
		191B40CA213B3D5C00FC145E /* pngrutil.c */ = {isa = PBXFileReference; fileEncoding = 4; lastKnownFileType = sourcecode.c.c; path = pngrutil.c; sourceTree = "<group>"; };
		191B40CB213B3D5C00FC145E /* libpng-manual.txt */ = {isa = PBXFileReference; fileEncoding = 4; lastKnownFileType = text; path = "libpng-manual.txt"; sourceTree = "<group>"; };
		191B40CC213B3D5C00FC145E /* pngset.c */ = {isa = PBXFileReference; fileEncoding = 4; lastKnownFileType = sourcecode.c.c; path = pngset.c; sourceTree = "<group>"; };
		191B40CD213B3D5C00FC145E /* png.5 */ = {isa = PBXFileReference; fileEncoding = 4; lastKnownFileType = text; path = png.5; sourceTree = "<group>"; };
/* End PBXFileReference section */

/* Begin PBXFrameworksBuildPhase section */
		191B409B213B3D1500FC145E /* Frameworks */ = {
			isa = PBXFrameworksBuildPhase;
			buildActionMask = 2147483647;
			files = (
			);
			runOnlyForDeploymentPostprocessing = 0;
		};
/* End PBXFrameworksBuildPhase section */

/* Begin PBXGroup section */
		191B4095213B3D1500FC145E = {
			isa = PBXGroup;
			children = (
				191B40A5213B3D5C00FC145E /* LibPNG */,
				191B409F213B3D1500FC145E /* Products */,
			);
			sourceTree = "<group>";
		};
		191B409F213B3D1500FC145E /* Products */ = {
			isa = PBXGroup;
			children = (
				191B409E213B3D1500FC145E /* libLibPNG.a */,
			);
			name = Products;
			sourceTree = "<group>";
		};
		191B40A5213B3D5C00FC145E /* LibPNG */ = {
			isa = PBXGroup;
			children = (
				191B40A6213B3D5C00FC145E /* pnginfo.h */,
				191B40A7213B3D5C00FC145E /* pngtest.c */,
				191B40A8213B3D5C00FC145E /* pngrio.c */,
				191B40A9213B3D5C00FC145E /* pngerror.c */,
				191B40AA213B3D5C00FC145E /* INSTALL */,
				191B40AB213B3D5C00FC145E /* ANNOUNCE */,
				191B40AC213B3D5C00FC145E /* CMakeLists.txt */,
				191B40AD213B3D5C00FC145E /* pngwio.c */,
				191B40AE213B3D5C00FC145E /* pngstruct.h */,
				191B40AF213B3D5C00FC145E /* LICENSE */,
				191B40B0213B3D5C00FC145E /* pngtrans.c */,
				191B40B1213B3D5C00FC145E /* configure */,
				191B40B2213B3D5C00FC145E /* pngpriv.h */,
				191B40B3213B3D5C00FC145E /* CHANGES */,
				191B40B4213B3D5C00FC145E /* pngwrite.c */,
				191B40B5213B3D5C00FC145E /* LibPNG.2017.vcxproj */,
				191B40B6213B3D5C00FC145E /* png.h */,
				191B40B7213B3D5C00FC145E /* LibPNG.2013.vcxproj.filters */,
				191B40B8213B3D5C00FC145E /* README */,
				191B40B9213B3D5C00FC145E /* pngwutil.c */,
				191B40BA213B3D5C00FC145E /* TODO */,
				191B40BB213B3D5C00FC145E /* pngwtran.c */,
				191B40BC213B3D5C00FC145E /* example.c */,
				191B40BD213B3D5C00FC145E /* pnglibconf.h */,
				191B40BE213B3D5C00FC145E /* pngconf.h */,
				191B40BF213B3D5C00FC145E /* pngpread.c */,
				191B40C0213B3D5C00FC145E /* pngdebug.h */,
				191B40C1213B3D5C00FC145E /* LibPNG.2013.vcxproj */,
				191B40C2213B3D5C00FC145E /* pngread.c */,
				191B40C3213B3D5C00FC145E /* libpng.3 */,
				191B40C4213B3D5C00FC145E /* libpngpf.3 */,
				191B40C5213B3D5C00FC145E /* pngmem.c */,
				191B40C6213B3D5C00FC145E /* pngget.c */,
				191B40C7213B3D5C00FC145E /* LibPNG.2017.vcxproj.filters */,
				191B40C8213B3D5C00FC145E /* png.c */,
				191B40C9213B3D5C00FC145E /* pngrtran.c */,
				191B40CA213B3D5C00FC145E /* pngrutil.c */,
				191B40CB213B3D5C00FC145E /* libpng-manual.txt */,
				191B40CC213B3D5C00FC145E /* pngset.c */,
				191B40CD213B3D5C00FC145E /* png.5 */,
			);
			name = LibPNG;
			path = ../../Source/LibPNG;
			sourceTree = "<group>";
		};
/* End PBXGroup section */

/* Begin PBXHeadersBuildPhase section */
		191B409C213B3D1500FC145E /* Headers */ = {
			isa = PBXHeadersBuildPhase;
			buildActionMask = 2147483647;
			files = (
				191B40DE213B3D5C00FC145E /* pngdebug.h in Headers */,
				191B40D7213B3D5C00FC145E /* png.h in Headers */,
				191B40CE213B3D5C00FC145E /* pnginfo.h in Headers */,
				191B40DC213B3D5C00FC145E /* pngconf.h in Headers */,
				191B40DB213B3D5C00FC145E /* pnglibconf.h in Headers */,
				191B40D3213B3D5C00FC145E /* pngstruct.h in Headers */,
				191B40D5213B3D5C00FC145E /* pngpriv.h in Headers */,
			);
			runOnlyForDeploymentPostprocessing = 0;
		};
/* End PBXHeadersBuildPhase section */

/* Begin PBXNativeTarget section */
		191B409D213B3D1500FC145E /* LibPNG */ = {
			isa = PBXNativeTarget;
			buildConfigurationList = 191B40A2213B3D1500FC145E /* Build configuration list for PBXNativeTarget "LibPNG" */;
			buildPhases = (
				191B409A213B3D1500FC145E /* Sources */,
				191B409B213B3D1500FC145E /* Frameworks */,
				191B409C213B3D1500FC145E /* Headers */,
			);
			buildRules = (
			);
			dependencies = (
			);
			name = LibPNG;
			productName = LibPNG;
			productReference = 191B409E213B3D1500FC145E /* libLibPNG.a */;
			productType = "com.apple.product-type.library.static";
		};
/* End PBXNativeTarget section */

/* Begin PBXProject section */
		191B4096213B3D1500FC145E /* Project object */ = {
			isa = PBXProject;
			attributes = {
				LastUpgradeCheck = 0940;
				ORGANIZATIONNAME = idk;
				TargetAttributes = {
					191B409D213B3D1500FC145E = {
						CreatedOnToolsVersion = 9.4.1;
					};
				};
			};
			buildConfigurationList = 191B4099213B3D1500FC145E /* Build configuration list for PBXProject "LibPNG" */;
			compatibilityVersion = "Xcode 9.3";
			developmentRegion = en;
			hasScannedForEncodings = 0;
			knownRegions = (
				en,
			);
			mainGroup = 191B4095213B3D1500FC145E;
			productRefGroup = 191B409F213B3D1500FC145E /* Products */;
			projectDirPath = "";
			projectRoot = "";
			targets = (
				191B409D213B3D1500FC145E /* LibPNG */,
			);
		};
/* End PBXProject section */

/* Begin PBXSourcesBuildPhase section */
		191B409A213B3D1500FC145E /* Sources */ = {
			isa = PBXSourcesBuildPhase;
			buildActionMask = 2147483647;
			files = (
				191B40E4213B3D5C00FC145E /* pngrutil.c in Sources */,
				191B40D1213B3D5C00FC145E /* pngerror.c in Sources */,
				191B40D2213B3D5C00FC145E /* pngwio.c in Sources */,
				191B40D0213B3D5C00FC145E /* pngrio.c in Sources */,
				191B40D8213B3D5C00FC145E /* pngwutil.c in Sources */,
				191B40D9213B3D5C00FC145E /* pngwtran.c in Sources */,
				191B40DF213B3D5C00FC145E /* pngread.c in Sources */,
				191B40D6213B3D5C00FC145E /* pngwrite.c in Sources */,
				191B40E2213B3D5C00FC145E /* png.c in Sources */,
				191B40D4213B3D5C00FC145E /* pngtrans.c in Sources */,
				191B40DA213B3D5C00FC145E /* example.c in Sources */,
				191B40E0213B3D5C00FC145E /* pngmem.c in Sources */,
				191B40DD213B3D5C00FC145E /* pngpread.c in Sources */,
				191B40CF213B3D5C00FC145E /* pngtest.c in Sources */,
				191B40E3213B3D5C00FC145E /* pngrtran.c in Sources */,
				191B40E5213B3D5C00FC145E /* pngset.c in Sources */,
				191B40E1213B3D5C00FC145E /* pngget.c in Sources */,
			);
			runOnlyForDeploymentPostprocessing = 0;
		};
/* End PBXSourcesBuildPhase section */

/* Begin XCBuildConfiguration section */
		191B40A0213B3D1500FC145E /* Debug */ = {
			isa = XCBuildConfiguration;
			buildSettings = {
				ALWAYS_SEARCH_USER_PATHS = NO;
				CLANG_ANALYZER_NONNULL = YES;
				CLANG_ANALYZER_NUMBER_OBJECT_CONVERSION = YES_AGGRESSIVE;
				CLANG_CXX_LANGUAGE_STANDARD = "gnu++14";
				CLANG_CXX_LIBRARY = "libc++";
				CLANG_ENABLE_MODULES = YES;
				CLANG_ENABLE_OBJC_ARC = YES;
				CLANG_ENABLE_OBJC_WEAK = YES;
				CLANG_WARN_BLOCK_CAPTURE_AUTORELEASING = YES;
				CLANG_WARN_BOOL_CONVERSION = YES;
				CLANG_WARN_COMMA = YES;
				CLANG_WARN_CONSTANT_CONVERSION = YES;
				CLANG_WARN_DEPRECATED_OBJC_IMPLEMENTATIONS = YES;
				CLANG_WARN_DIRECT_OBJC_ISA_USAGE = YES_ERROR;
				CLANG_WARN_DOCUMENTATION_COMMENTS = YES;
				CLANG_WARN_EMPTY_BODY = YES;
				CLANG_WARN_ENUM_CONVERSION = YES;
				CLANG_WARN_INFINITE_RECURSION = YES;
				CLANG_WARN_INT_CONVERSION = YES;
				CLANG_WARN_NON_LITERAL_NULL_CONVERSION = YES;
				CLANG_WARN_OBJC_IMPLICIT_RETAIN_SELF = YES;
				CLANG_WARN_OBJC_LITERAL_CONVERSION = YES;
				CLANG_WARN_OBJC_ROOT_CLASS = YES_ERROR;
				CLANG_WARN_RANGE_LOOP_ANALYSIS = YES;
				CLANG_WARN_STRICT_PROTOTYPES = YES;
				CLANG_WARN_SUSPICIOUS_MOVE = YES;
				CLANG_WARN_UNGUARDED_AVAILABILITY = YES_AGGRESSIVE;
				CLANG_WARN_UNREACHABLE_CODE = YES;
				CLANG_WARN__DUPLICATE_METHOD_MATCH = YES;
				CODE_SIGN_IDENTITY = "-";
				COPY_PHASE_STRIP = NO;
				DEBUG_INFORMATION_FORMAT = dwarf;
				ENABLE_STRICT_OBJC_MSGSEND = YES;
				ENABLE_TESTABILITY = YES;
				GCC_C_LANGUAGE_STANDARD = gnu11;
				GCC_DYNAMIC_NO_PIC = NO;
				GCC_NO_COMMON_BLOCKS = YES;
				GCC_OPTIMIZATION_LEVEL = 0;
				GCC_PREPROCESSOR_DEFINITIONS = (
					"DEBUG=1",
					"$(inherited)",
				);
				GCC_WARN_64_TO_32_BIT_CONVERSION = YES;
				GCC_WARN_ABOUT_RETURN_TYPE = YES_ERROR;
				GCC_WARN_UNDECLARED_SELECTOR = YES;
				GCC_WARN_UNINITIALIZED_AUTOS = YES_AGGRESSIVE;
				GCC_WARN_UNUSED_FUNCTION = YES;
				GCC_WARN_UNUSED_VARIABLE = YES;
				MACOSX_DEPLOYMENT_TARGET = 10.13;
				MTL_ENABLE_DEBUG_INFO = YES;
				ONLY_ACTIVE_ARCH = YES;
				SDKROOT = macosx;
			};
			name = Debug;
		};
		191B40A1213B3D1500FC145E /* Release */ = {
			isa = XCBuildConfiguration;
			buildSettings = {
				ALWAYS_SEARCH_USER_PATHS = NO;
				CLANG_ANALYZER_NONNULL = YES;
				CLANG_ANALYZER_NUMBER_OBJECT_CONVERSION = YES_AGGRESSIVE;
				CLANG_CXX_LANGUAGE_STANDARD = "gnu++14";
				CLANG_CXX_LIBRARY = "libc++";
				CLANG_ENABLE_MODULES = YES;
				CLANG_ENABLE_OBJC_ARC = YES;
				CLANG_ENABLE_OBJC_WEAK = YES;
				CLANG_WARN_BLOCK_CAPTURE_AUTORELEASING = YES;
				CLANG_WARN_BOOL_CONVERSION = YES;
				CLANG_WARN_COMMA = YES;
				CLANG_WARN_CONSTANT_CONVERSION = YES;
				CLANG_WARN_DEPRECATED_OBJC_IMPLEMENTATIONS = YES;
				CLANG_WARN_DIRECT_OBJC_ISA_USAGE = YES_ERROR;
				CLANG_WARN_DOCUMENTATION_COMMENTS = YES;
				CLANG_WARN_EMPTY_BODY = YES;
				CLANG_WARN_ENUM_CONVERSION = YES;
				CLANG_WARN_INFINITE_RECURSION = YES;
				CLANG_WARN_INT_CONVERSION = YES;
				CLANG_WARN_NON_LITERAL_NULL_CONVERSION = YES;
				CLANG_WARN_OBJC_IMPLICIT_RETAIN_SELF = YES;
				CLANG_WARN_OBJC_LITERAL_CONVERSION = YES;
				CLANG_WARN_OBJC_ROOT_CLASS = YES_ERROR;
				CLANG_WARN_RANGE_LOOP_ANALYSIS = YES;
				CLANG_WARN_STRICT_PROTOTYPES = YES;
				CLANG_WARN_SUSPICIOUS_MOVE = YES;
				CLANG_WARN_UNGUARDED_AVAILABILITY = YES_AGGRESSIVE;
				CLANG_WARN_UNREACHABLE_CODE = YES;
				CLANG_WARN__DUPLICATE_METHOD_MATCH = YES;
				CODE_SIGN_IDENTITY = "-";
				COPY_PHASE_STRIP = NO;
				DEBUG_INFORMATION_FORMAT = "dwarf-with-dsym";
				ENABLE_NS_ASSERTIONS = NO;
				ENABLE_STRICT_OBJC_MSGSEND = YES;
				GCC_C_LANGUAGE_STANDARD = gnu11;
				GCC_NO_COMMON_BLOCKS = YES;
				GCC_WARN_64_TO_32_BIT_CONVERSION = YES;
				GCC_WARN_ABOUT_RETURN_TYPE = YES_ERROR;
				GCC_WARN_UNDECLARED_SELECTOR = YES;
				GCC_WARN_UNINITIALIZED_AUTOS = YES_AGGRESSIVE;
				GCC_WARN_UNUSED_FUNCTION = YES;
				GCC_WARN_UNUSED_VARIABLE = YES;
				MACOSX_DEPLOYMENT_TARGET = 10.13;
				MTL_ENABLE_DEBUG_INFO = NO;
				SDKROOT = macosx;
			};
			name = Release;
		};
		191B40A3213B3D1500FC145E /* Debug */ = {
			isa = XCBuildConfiguration;
			buildSettings = {
				CODE_SIGN_STYLE = Automatic;
				EXECUTABLE_PREFIX = lib;
				PRODUCT_NAME = "$(TARGET_NAME)";
				SKIP_INSTALL = YES;
			};
			name = Debug;
		};
		191B40A4213B3D1500FC145E /* Release */ = {
			isa = XCBuildConfiguration;
			buildSettings = {
				CODE_SIGN_STYLE = Automatic;
				EXECUTABLE_PREFIX = lib;
				PRODUCT_NAME = "$(TARGET_NAME)";
				SKIP_INSTALL = YES;
			};
			name = Release;
		};
/* End XCBuildConfiguration section */

/* Begin XCConfigurationList section */
		191B4099213B3D1500FC145E /* Build configuration list for PBXProject "LibPNG" */ = {
			isa = XCConfigurationList;
			buildConfigurations = (
				191B40A0213B3D1500FC145E /* Debug */,
				191B40A1213B3D1500FC145E /* Release */,
			);
			defaultConfigurationIsVisible = 0;
			defaultConfigurationName = Release;
		};
		191B40A2213B3D1500FC145E /* Build configuration list for PBXNativeTarget "LibPNG" */ = {
			isa = XCConfigurationList;
			buildConfigurations = (
				191B40A3213B3D1500FC145E /* Debug */,
				191B40A4213B3D1500FC145E /* Release */,
			);
			defaultConfigurationIsVisible = 0;
			defaultConfigurationName = Release;
		};
/* End XCConfigurationList section */
	};
	rootObject = 191B4096213B3D1500FC145E /* Project object */;
}
