// !$*UTF8*$!
{
	archiveVersion = 1;
	classes = {
	};
	objectVersion = 50;
	objects = {

/* Begin PBXBuildFile section */
		1999000A213B4044008ADFA9 /* CacheFile.h in Headers */ = {isa = PBXBuildFile; fileRef = 1999FF94213B4044008ADFA9 /* CacheFile.h */; };
		1999000B213B4044008ADFA9 /* FreeImageIO.h in Headers */ = {isa = PBXBuildFile; fileRef = 1999FF95213B4044008ADFA9 /* FreeImageIO.h */; };
		1999000C213B4044008ADFA9 /* ToneMapping.h in Headers */ = {isa = PBXBuildFile; fileRef = 1999FF96213B4044008ADFA9 /* ToneMapping.h */; };
		1999000D213B4044008ADFA9 /* Halftoning.cpp in Sources */ = {isa = PBXBuildFile; fileRef = 1999FF98213B4044008ADFA9 /* Halftoning.cpp */; };
		1999000E213B4044008ADFA9 /* ZLibInterface.cpp in Sources */ = {isa = PBXBuildFile; fileRef = 1999FF99213B4044008ADFA9 /* ZLibInterface.cpp */; };
		1999000F213B4044008ADFA9 /* LFPQuantizer.cpp in Sources */ = {isa = PBXBuildFile; fileRef = 1999FF9A213B4044008ADFA9 /* LFPQuantizer.cpp */; };
		19990010213B4044008ADFA9 /* CacheFile.cpp in Sources */ = {isa = PBXBuildFile; fileRef = 1999FF9B213B4044008ADFA9 /* CacheFile.cpp */; };
		19990011213B4044008ADFA9 /* Conversion4.cpp in Sources */ = {isa = PBXBuildFile; fileRef = 1999FF9C213B4044008ADFA9 /* Conversion4.cpp */; };
		19990012213B4044008ADFA9 /* ConversionFloat.cpp in Sources */ = {isa = PBXBuildFile; fileRef = 1999FF9D213B4044008ADFA9 /* ConversionFloat.cpp */; };
		19990013213B4044008ADFA9 /* tmoDrago03.cpp in Sources */ = {isa = PBXBuildFile; fileRef = 1999FF9E213B4044008ADFA9 /* tmoDrago03.cpp */; };
		19990014213B4044008ADFA9 /* tmoColorConvert.cpp in Sources */ = {isa = PBXBuildFile; fileRef = 1999FF9F213B4044008ADFA9 /* tmoColorConvert.cpp */; };
		19990015213B4044008ADFA9 /* ConversionRGB16.cpp in Sources */ = {isa = PBXBuildFile; fileRef = 1999FFA0213B4044008ADFA9 /* ConversionRGB16.cpp */; };
		19990016213B4044008ADFA9 /* Conversion32.cpp in Sources */ = {isa = PBXBuildFile; fileRef = 1999FFA1213B4044008ADFA9 /* Conversion32.cpp */; };
		19990017213B4044008ADFA9 /* FreeImageC.c in Sources */ = {isa = PBXBuildFile; fileRef = 1999FFA2213B4044008ADFA9 /* FreeImageC.c */; };
		19990018213B4044008ADFA9 /* Conversion24.cpp in Sources */ = {isa = PBXBuildFile; fileRef = 1999FFA3213B4044008ADFA9 /* Conversion24.cpp */; };
		19990019213B4044008ADFA9 /* FreeImageIO.cpp in Sources */ = {isa = PBXBuildFile; fileRef = 1999FFA4213B4044008ADFA9 /* FreeImageIO.cpp */; };
		1999001A213B4044008ADFA9 /* Conversion16_555.cpp in Sources */ = {isa = PBXBuildFile; fileRef = 1999FFA5213B4044008ADFA9 /* Conversion16_555.cpp */; };
		1999001B213B4044008ADFA9 /* MemoryIO.cpp in Sources */ = {isa = PBXBuildFile; fileRef = 1999FFA6213B4044008ADFA9 /* MemoryIO.cpp */; };
		1999001C213B4044008ADFA9 /* ConversionRGBA16.cpp in Sources */ = {isa = PBXBuildFile; fileRef = 1999FFA7213B4044008ADFA9 /* ConversionRGBA16.cpp */; };
		1999001D213B4044008ADFA9 /* ConversionUINT16.cpp in Sources */ = {isa = PBXBuildFile; fileRef = 1999FFA8213B4044008ADFA9 /* ConversionUINT16.cpp */; };
		1999001E213B4044008ADFA9 /* ConversionRGBAF.cpp in Sources */ = {isa = PBXBuildFile; fileRef = 1999FFA9213B4044008ADFA9 /* ConversionRGBAF.cpp */; };
		1999001F213B4044008ADFA9 /* PluginPNG.cpp in Sources */ = {isa = PBXBuildFile; fileRef = 1999FFAA213B4044008ADFA9 /* PluginPNG.cpp */; };
		19990020213B4044008ADFA9 /* tmoFattal02.cpp in Sources */ = {isa = PBXBuildFile; fileRef = 1999FFAB213B4044008ADFA9 /* tmoFattal02.cpp */; };
		19990021213B4044008ADFA9 /* ColorLookup.cpp in Sources */ = {isa = PBXBuildFile; fileRef = 1999FFAC213B4044008ADFA9 /* ColorLookup.cpp */; };
		19990022213B4044008ADFA9 /* Plugin.cpp in Sources */ = {isa = PBXBuildFile; fileRef = 1999FFAD213B4044008ADFA9 /* Plugin.cpp */; };
		19990023213B4044008ADFA9 /* NNQuantizer.cpp in Sources */ = {isa = PBXBuildFile; fileRef = 1999FFAE213B4044008ADFA9 /* NNQuantizer.cpp */; };
		19990024213B4044008ADFA9 /* GetType.cpp in Sources */ = {isa = PBXBuildFile; fileRef = 1999FFAF213B4044008ADFA9 /* GetType.cpp */; };
		19990025213B4044008ADFA9 /* ToneMapping.cpp in Sources */ = {isa = PBXBuildFile; fileRef = 1999FFB0213B4044008ADFA9 /* ToneMapping.cpp */; };
		19990026213B4044008ADFA9 /* Conversion16_565.cpp in Sources */ = {isa = PBXBuildFile; fileRef = 1999FFB1213B4044008ADFA9 /* Conversion16_565.cpp */; };
		19990027213B4044008ADFA9 /* ConversionRGBF.cpp in Sources */ = {isa = PBXBuildFile; fileRef = 1999FFB2213B4044008ADFA9 /* ConversionRGBF.cpp */; };
		19990028213B4044008ADFA9 /* tmoReinhard05.cpp in Sources */ = {isa = PBXBuildFile; fileRef = 1999FFB3213B4044008ADFA9 /* tmoReinhard05.cpp */; };
		19990029213B4044008ADFA9 /* Conversion.cpp in Sources */ = {isa = PBXBuildFile; fileRef = 1999FFB4213B4044008ADFA9 /* Conversion.cpp */; };
		1999002A213B4044008ADFA9 /* PixelAccess.cpp in Sources */ = {isa = PBXBuildFile; fileRef = 1999FFB5213B4044008ADFA9 /* PixelAccess.cpp */; };
		1999002B213B4044008ADFA9 /* Conversion8.cpp in Sources */ = {isa = PBXBuildFile; fileRef = 1999FFB6213B4044008ADFA9 /* Conversion8.cpp */; };
		1999002C213B4044008ADFA9 /* FreeImage.cpp in Sources */ = {isa = PBXBuildFile; fileRef = 1999FFB7213B4044008ADFA9 /* FreeImage.cpp */; };
		1999002D213B4044008ADFA9 /* WuQuantizer.cpp in Sources */ = {isa = PBXBuildFile; fileRef = 1999FFB8213B4044008ADFA9 /* WuQuantizer.cpp */; };
		1999002E213B4044008ADFA9 /* BitmapAccess.cpp in Sources */ = {isa = PBXBuildFile; fileRef = 1999FFB9213B4044008ADFA9 /* BitmapAccess.cpp */; };
		1999002F213B4044008ADFA9 /* MultiPage.cpp in Sources */ = {isa = PBXBuildFile; fileRef = 1999FFBA213B4044008ADFA9 /* MultiPage.cpp */; };
		19990030213B4044008ADFA9 /* ConversionType.cpp in Sources */ = {isa = PBXBuildFile; fileRef = 1999FFBB213B4044008ADFA9 /* ConversionType.cpp */; };
		19990069213B4501008ADFA9 /* FIRational.cpp in Sources */ = {isa = PBXBuildFile; fileRef = 19990061213B4501008ADFA9 /* FIRational.cpp */; };
		1999006A213B4501008ADFA9 /* FreeImageTag.h in Headers */ = {isa = PBXBuildFile; fileRef = 19990062213B4501008ADFA9 /* FreeImageTag.h */; };
		1999006B213B4501008ADFA9 /* TagConversion.cpp in Sources */ = {isa = PBXBuildFile; fileRef = 19990063213B4501008ADFA9 /* TagConversion.cpp */; };
		1999006C213B4501008ADFA9 /* IPTC.cpp in Sources */ = {isa = PBXBuildFile; fileRef = 19990064213B4501008ADFA9 /* IPTC.cpp */; };
		1999006D213B4501008ADFA9 /* FreeImageTag.cpp in Sources */ = {isa = PBXBuildFile; fileRef = 19990065213B4501008ADFA9 /* FreeImageTag.cpp */; };
		1999006E213B4501008ADFA9 /* FIRational.h in Headers */ = {isa = PBXBuildFile; fileRef = 19990066213B4501008ADFA9 /* FIRational.h */; };
		1999006F213B4501008ADFA9 /* Exif.cpp in Sources */ = {isa = PBXBuildFile; fileRef = 19990067213B4501008ADFA9 /* Exif.cpp */; };
		19990070213B4501008ADFA9 /* TagLib.cpp in Sources */ = {isa = PBXBuildFile; fileRef = 19990068213B4501008ADFA9 /* TagLib.cpp */; };
		1999FFC5213B4044008ADFA9 /* MapIntrospector.h in Headers */ = {isa = PBXBuildFile; fileRef = 1999FF2B213B4044008ADFA9 /* MapIntrospector.h */; };
		1999FFC6213B4044008ADFA9 /* Plugin.h in Headers */ = {isa = PBXBuildFile; fileRef = 1999FF2C213B4044008ADFA9 /* Plugin.h */; };
		1999FFDF213B4044008ADFA9 /* FreeImage.h in Headers */ = {isa = PBXBuildFile; fileRef = 1999FF56213B4044008ADFA9 /* FreeImage.h */; };
		1999FFE0213B4044008ADFA9 /* Quantizers.h in Headers */ = {isa = PBXBuildFile; fileRef = 1999FF57213B4044008ADFA9 /* Quantizers.h */; };
		1999FFE1213B4044008ADFA9 /* Resize.cpp in Sources */ = {isa = PBXBuildFile; fileRef = 1999FF59213B4044008ADFA9 /* Resize.cpp */; };
		1999FFE2213B4044008ADFA9 /* MultigridPoissonSolver.cpp in Sources */ = {isa = PBXBuildFile; fileRef = 1999FF5A213B4044008ADFA9 /* MultigridPoissonSolver.cpp */; };
		1999FFE3213B4044008ADFA9 /* Flip.cpp in Sources */ = {isa = PBXBuildFile; fileRef = 1999FF5B213B4044008ADFA9 /* Flip.cpp */; };
		1999FFE4213B4044008ADFA9 /* ClassicRotate.cpp in Sources */ = {isa = PBXBuildFile; fileRef = 1999FF5C213B4044008ADFA9 /* ClassicRotate.cpp */; };
		1999FFE5213B4044008ADFA9 /* Rescale.cpp in Sources */ = {isa = PBXBuildFile; fileRef = 1999FF5D213B4044008ADFA9 /* Rescale.cpp */; };
		1999FFE6213B4044008ADFA9 /* Display.cpp in Sources */ = {isa = PBXBuildFile; fileRef = 1999FF5E213B4044008ADFA9 /* Display.cpp */; };
		1999FFE7213B4044008ADFA9 /* Resize.h in Headers */ = {isa = PBXBuildFile; fileRef = 1999FF5F213B4044008ADFA9 /* Resize.h */; };
		1999FFE8213B4044008ADFA9 /* CopyPaste.cpp in Sources */ = {isa = PBXBuildFile; fileRef = 1999FF60213B4044008ADFA9 /* CopyPaste.cpp */; };
		1999FFE9213B4044008ADFA9 /* Background.cpp in Sources */ = {isa = PBXBuildFile; fileRef = 1999FF61213B4044008ADFA9 /* Background.cpp */; };
		1999FFEA213B4044008ADFA9 /* Channels.cpp in Sources */ = {isa = PBXBuildFile; fileRef = 1999FF62213B4044008ADFA9 /* Channels.cpp */; };
		1999FFEB213B4044008ADFA9 /* Colors.cpp in Sources */ = {isa = PBXBuildFile; fileRef = 1999FF63213B4044008ADFA9 /* Colors.cpp */; };
		1999FFEC213B4044008ADFA9 /* BSplineRotate.cpp in Sources */ = {isa = PBXBuildFile; fileRef = 1999FF64213B4044008ADFA9 /* BSplineRotate.cpp */; };
		1999FFED213B4044008ADFA9 /* Filters.h in Headers */ = {isa = PBXBuildFile; fileRef = 1999FF65213B4044008ADFA9 /* Filters.h */; };
		1999FFEE213B4044008ADFA9 /* Utilities.h in Headers */ = {isa = PBXBuildFile; fileRef = 1999FF66213B4044008ADFA9 /* Utilities.h */; };
/* End PBXBuildFile section */

/* Begin PBXFileReference section */
		191B40F2213B400900FC145E /* libFreeImage.a */ = {isa = PBXFileReference; explicitFileType = archive.ar; includeInIndex = 0; path = libFreeImage.a; sourceTree = BUILT_PRODUCTS_DIR; };
		19990061213B4501008ADFA9 /* FIRational.cpp */ = {isa = PBXFileReference; fileEncoding = 4; lastKnownFileType = sourcecode.cpp.cpp; path = FIRational.cpp; sourceTree = "<group>"; };
		19990062213B4501008ADFA9 /* FreeImageTag.h */ = {isa = PBXFileReference; fileEncoding = 4; lastKnownFileType = sourcecode.c.h; path = FreeImageTag.h; sourceTree = "<group>"; };
		19990063213B4501008ADFA9 /* TagConversion.cpp */ = {isa = PBXFileReference; fileEncoding = 4; lastKnownFileType = sourcecode.cpp.cpp; path = TagConversion.cpp; sourceTree = "<group>"; };
		19990064213B4501008ADFA9 /* IPTC.cpp */ = {isa = PBXFileReference; fileEncoding = 4; lastKnownFileType = sourcecode.cpp.cpp; path = IPTC.cpp; sourceTree = "<group>"; };
		19990065213B4501008ADFA9 /* FreeImageTag.cpp */ = {isa = PBXFileReference; fileEncoding = 4; lastKnownFileType = sourcecode.cpp.cpp; path = FreeImageTag.cpp; sourceTree = "<group>"; };
		19990066213B4501008ADFA9 /* FIRational.h */ = {isa = PBXFileReference; fileEncoding = 4; lastKnownFileType = sourcecode.c.h; path = FIRational.h; sourceTree = "<group>"; };
		19990067213B4501008ADFA9 /* Exif.cpp */ = {isa = PBXFileReference; fileEncoding = 4; lastKnownFileType = sourcecode.cpp.cpp; path = Exif.cpp; sourceTree = "<group>"; };
		19990068213B4501008ADFA9 /* TagLib.cpp */ = {isa = PBXFileReference; fileEncoding = 4; lastKnownFileType = sourcecode.cpp.cpp; path = TagLib.cpp; sourceTree = "<group>"; };
		1999FF2B213B4044008ADFA9 /* MapIntrospector.h */ = {isa = PBXFileReference; fileEncoding = 4; lastKnownFileType = sourcecode.c.h; path = MapIntrospector.h; sourceTree = "<group>"; };
		1999FF2C213B4044008ADFA9 /* Plugin.h */ = {isa = PBXFileReference; fileEncoding = 4; lastKnownFileType = sourcecode.c.h; path = Plugin.h; sourceTree = "<group>"; };
		1999FF56213B4044008ADFA9 /* FreeImage.h */ = {isa = PBXFileReference; fileEncoding = 4; lastKnownFileType = sourcecode.c.h; path = FreeImage.h; sourceTree = "<group>"; };
		1999FF57213B4044008ADFA9 /* Quantizers.h */ = {isa = PBXFileReference; fileEncoding = 4; lastKnownFileType = sourcecode.c.h; path = Quantizers.h; sourceTree = "<group>"; };
		1999FF59213B4044008ADFA9 /* Resize.cpp */ = {isa = PBXFileReference; fileEncoding = 4; lastKnownFileType = sourcecode.cpp.cpp; path = Resize.cpp; sourceTree = "<group>"; };
		1999FF5A213B4044008ADFA9 /* MultigridPoissonSolver.cpp */ = {isa = PBXFileReference; fileEncoding = 4; lastKnownFileType = sourcecode.cpp.cpp; path = MultigridPoissonSolver.cpp; sourceTree = "<group>"; };
		1999FF5B213B4044008ADFA9 /* Flip.cpp */ = {isa = PBXFileReference; fileEncoding = 4; lastKnownFileType = sourcecode.cpp.cpp; path = Flip.cpp; sourceTree = "<group>"; };
		1999FF5C213B4044008ADFA9 /* ClassicRotate.cpp */ = {isa = PBXFileReference; fileEncoding = 4; lastKnownFileType = sourcecode.cpp.cpp; path = ClassicRotate.cpp; sourceTree = "<group>"; };
		1999FF5D213B4044008ADFA9 /* Rescale.cpp */ = {isa = PBXFileReference; fileEncoding = 4; lastKnownFileType = sourcecode.cpp.cpp; path = Rescale.cpp; sourceTree = "<group>"; };
		1999FF5E213B4044008ADFA9 /* Display.cpp */ = {isa = PBXFileReference; fileEncoding = 4; lastKnownFileType = sourcecode.cpp.cpp; path = Display.cpp; sourceTree = "<group>"; };
		1999FF5F213B4044008ADFA9 /* Resize.h */ = {isa = PBXFileReference; fileEncoding = 4; lastKnownFileType = sourcecode.c.h; path = Resize.h; sourceTree = "<group>"; };
		1999FF60213B4044008ADFA9 /* CopyPaste.cpp */ = {isa = PBXFileReference; fileEncoding = 4; lastKnownFileType = sourcecode.cpp.cpp; path = CopyPaste.cpp; sourceTree = "<group>"; };
		1999FF61213B4044008ADFA9 /* Background.cpp */ = {isa = PBXFileReference; fileEncoding = 4; lastKnownFileType = sourcecode.cpp.cpp; path = Background.cpp; sourceTree = "<group>"; };
		1999FF62213B4044008ADFA9 /* Channels.cpp */ = {isa = PBXFileReference; fileEncoding = 4; lastKnownFileType = sourcecode.cpp.cpp; path = Channels.cpp; sourceTree = "<group>"; };
		1999FF63213B4044008ADFA9 /* Colors.cpp */ = {isa = PBXFileReference; fileEncoding = 4; lastKnownFileType = sourcecode.cpp.cpp; path = Colors.cpp; sourceTree = "<group>"; };
		1999FF64213B4044008ADFA9 /* BSplineRotate.cpp */ = {isa = PBXFileReference; fileEncoding = 4; lastKnownFileType = sourcecode.cpp.cpp; path = BSplineRotate.cpp; sourceTree = "<group>"; };
		1999FF65213B4044008ADFA9 /* Filters.h */ = {isa = PBXFileReference; fileEncoding = 4; lastKnownFileType = sourcecode.c.h; path = Filters.h; sourceTree = "<group>"; };
		1999FF66213B4044008ADFA9 /* Utilities.h */ = {isa = PBXFileReference; fileEncoding = 4; lastKnownFileType = sourcecode.c.h; path = Utilities.h; sourceTree = "<group>"; };
		1999FF94213B4044008ADFA9 /* CacheFile.h */ = {isa = PBXFileReference; fileEncoding = 4; lastKnownFileType = sourcecode.c.h; path = CacheFile.h; sourceTree = "<group>"; };
		1999FF95213B4044008ADFA9 /* FreeImageIO.h */ = {isa = PBXFileReference; fileEncoding = 4; lastKnownFileType = sourcecode.c.h; path = FreeImageIO.h; sourceTree = "<group>"; };
		1999FF96213B4044008ADFA9 /* ToneMapping.h */ = {isa = PBXFileReference; fileEncoding = 4; lastKnownFileType = sourcecode.c.h; path = ToneMapping.h; sourceTree = "<group>"; };
		1999FF98213B4044008ADFA9 /* Halftoning.cpp */ = {isa = PBXFileReference; fileEncoding = 4; lastKnownFileType = sourcecode.cpp.cpp; path = Halftoning.cpp; sourceTree = "<group>"; };
		1999FF99213B4044008ADFA9 /* ZLibInterface.cpp */ = {isa = PBXFileReference; fileEncoding = 4; lastKnownFileType = sourcecode.cpp.cpp; path = ZLibInterface.cpp; sourceTree = "<group>"; };
		1999FF9A213B4044008ADFA9 /* LFPQuantizer.cpp */ = {isa = PBXFileReference; fileEncoding = 4; lastKnownFileType = sourcecode.cpp.cpp; path = LFPQuantizer.cpp; sourceTree = "<group>"; };
		1999FF9B213B4044008ADFA9 /* CacheFile.cpp */ = {isa = PBXFileReference; fileEncoding = 4; lastKnownFileType = sourcecode.cpp.cpp; path = CacheFile.cpp; sourceTree = "<group>"; };
		1999FF9C213B4044008ADFA9 /* Conversion4.cpp */ = {isa = PBXFileReference; fileEncoding = 4; lastKnownFileType = sourcecode.cpp.cpp; path = Conversion4.cpp; sourceTree = "<group>"; };
		1999FF9D213B4044008ADFA9 /* ConversionFloat.cpp */ = {isa = PBXFileReference; fileEncoding = 4; lastKnownFileType = sourcecode.cpp.cpp; path = ConversionFloat.cpp; sourceTree = "<group>"; };
		1999FF9E213B4044008ADFA9 /* tmoDrago03.cpp */ = {isa = PBXFileReference; fileEncoding = 4; lastKnownFileType = sourcecode.cpp.cpp; path = tmoDrago03.cpp; sourceTree = "<group>"; };
		1999FF9F213B4044008ADFA9 /* tmoColorConvert.cpp */ = {isa = PBXFileReference; fileEncoding = 4; lastKnownFileType = sourcecode.cpp.cpp; path = tmoColorConvert.cpp; sourceTree = "<group>"; };
		1999FFA0213B4044008ADFA9 /* ConversionRGB16.cpp */ = {isa = PBXFileReference; fileEncoding = 4; lastKnownFileType = sourcecode.cpp.cpp; path = ConversionRGB16.cpp; sourceTree = "<group>"; };
		1999FFA1213B4044008ADFA9 /* Conversion32.cpp */ = {isa = PBXFileReference; fileEncoding = 4; lastKnownFileType = sourcecode.cpp.cpp; path = Conversion32.cpp; sourceTree = "<group>"; };
		1999FFA2213B4044008ADFA9 /* FreeImageC.c */ = {isa = PBXFileReference; fileEncoding = 4; lastKnownFileType = sourcecode.c.c; path = FreeImageC.c; sourceTree = "<group>"; };
		1999FFA3213B4044008ADFA9 /* Conversion24.cpp */ = {isa = PBXFileReference; fileEncoding = 4; lastKnownFileType = sourcecode.cpp.cpp; path = Conversion24.cpp; sourceTree = "<group>"; };
		1999FFA4213B4044008ADFA9 /* FreeImageIO.cpp */ = {isa = PBXFileReference; fileEncoding = 4; lastKnownFileType = sourcecode.cpp.cpp; path = FreeImageIO.cpp; sourceTree = "<group>"; };
		1999FFA5213B4044008ADFA9 /* Conversion16_555.cpp */ = {isa = PBXFileReference; fileEncoding = 4; lastKnownFileType = sourcecode.cpp.cpp; path = Conversion16_555.cpp; sourceTree = "<group>"; };
		1999FFA6213B4044008ADFA9 /* MemoryIO.cpp */ = {isa = PBXFileReference; fileEncoding = 4; lastKnownFileType = sourcecode.cpp.cpp; path = MemoryIO.cpp; sourceTree = "<group>"; };
		1999FFA7213B4044008ADFA9 /* ConversionRGBA16.cpp */ = {isa = PBXFileReference; fileEncoding = 4; lastKnownFileType = sourcecode.cpp.cpp; path = ConversionRGBA16.cpp; sourceTree = "<group>"; };
		1999FFA8213B4044008ADFA9 /* ConversionUINT16.cpp */ = {isa = PBXFileReference; fileEncoding = 4; lastKnownFileType = sourcecode.cpp.cpp; path = ConversionUINT16.cpp; sourceTree = "<group>"; };
		1999FFA9213B4044008ADFA9 /* ConversionRGBAF.cpp */ = {isa = PBXFileReference; fileEncoding = 4; lastKnownFileType = sourcecode.cpp.cpp; path = ConversionRGBAF.cpp; sourceTree = "<group>"; };
		1999FFAA213B4044008ADFA9 /* PluginPNG.cpp */ = {isa = PBXFileReference; fileEncoding = 4; lastKnownFileType = sourcecode.cpp.cpp; path = PluginPNG.cpp; sourceTree = "<group>"; };
		1999FFAB213B4044008ADFA9 /* tmoFattal02.cpp */ = {isa = PBXFileReference; fileEncoding = 4; lastKnownFileType = sourcecode.cpp.cpp; path = tmoFattal02.cpp; sourceTree = "<group>"; };
		1999FFAC213B4044008ADFA9 /* ColorLookup.cpp */ = {isa = PBXFileReference; fileEncoding = 4; lastKnownFileType = sourcecode.cpp.cpp; path = ColorLookup.cpp; sourceTree = "<group>"; };
		1999FFAD213B4044008ADFA9 /* Plugin.cpp */ = {isa = PBXFileReference; fileEncoding = 4; lastKnownFileType = sourcecode.cpp.cpp; path = Plugin.cpp; sourceTree = "<group>"; };
		1999FFAE213B4044008ADFA9 /* NNQuantizer.cpp */ = {isa = PBXFileReference; fileEncoding = 4; lastKnownFileType = sourcecode.cpp.cpp; path = NNQuantizer.cpp; sourceTree = "<group>"; };
		1999FFAF213B4044008ADFA9 /* GetType.cpp */ = {isa = PBXFileReference; fileEncoding = 4; lastKnownFileType = sourcecode.cpp.cpp; path = GetType.cpp; sourceTree = "<group>"; };
		1999FFB0213B4044008ADFA9 /* ToneMapping.cpp */ = {isa = PBXFileReference; fileEncoding = 4; lastKnownFileType = sourcecode.cpp.cpp; path = ToneMapping.cpp; sourceTree = "<group>"; };
		1999FFB1213B4044008ADFA9 /* Conversion16_565.cpp */ = {isa = PBXFileReference; fileEncoding = 4; lastKnownFileType = sourcecode.cpp.cpp; path = Conversion16_565.cpp; sourceTree = "<group>"; };
		1999FFB2213B4044008ADFA9 /* ConversionRGBF.cpp */ = {isa = PBXFileReference; fileEncoding = 4; lastKnownFileType = sourcecode.cpp.cpp; path = ConversionRGBF.cpp; sourceTree = "<group>"; };
		1999FFB3213B4044008ADFA9 /* tmoReinhard05.cpp */ = {isa = PBXFileReference; fileEncoding = 4; lastKnownFileType = sourcecode.cpp.cpp; path = tmoReinhard05.cpp; sourceTree = "<group>"; };
		1999FFB4213B4044008ADFA9 /* Conversion.cpp */ = {isa = PBXFileReference; fileEncoding = 4; lastKnownFileType = sourcecode.cpp.cpp; path = Conversion.cpp; sourceTree = "<group>"; };
		1999FFB5213B4044008ADFA9 /* PixelAccess.cpp */ = {isa = PBXFileReference; fileEncoding = 4; lastKnownFileType = sourcecode.cpp.cpp; path = PixelAccess.cpp; sourceTree = "<group>"; };
		1999FFB6213B4044008ADFA9 /* Conversion8.cpp */ = {isa = PBXFileReference; fileEncoding = 4; lastKnownFileType = sourcecode.cpp.cpp; path = Conversion8.cpp; sourceTree = "<group>"; };
		1999FFB7213B4044008ADFA9 /* FreeImage.cpp */ = {isa = PBXFileReference; fileEncoding = 4; lastKnownFileType = sourcecode.cpp.cpp; path = FreeImage.cpp; sourceTree = "<group>"; };
		1999FFB8213B4044008ADFA9 /* WuQuantizer.cpp */ = {isa = PBXFileReference; fileEncoding = 4; lastKnownFileType = sourcecode.cpp.cpp; path = WuQuantizer.cpp; sourceTree = "<group>"; };
		1999FFB9213B4044008ADFA9 /* BitmapAccess.cpp */ = {isa = PBXFileReference; fileEncoding = 4; lastKnownFileType = sourcecode.cpp.cpp; path = BitmapAccess.cpp; sourceTree = "<group>"; };
		1999FFBA213B4044008ADFA9 /* MultiPage.cpp */ = {isa = PBXFileReference; fileEncoding = 4; lastKnownFileType = sourcecode.cpp.cpp; path = MultiPage.cpp; sourceTree = "<group>"; };
		1999FFBB213B4044008ADFA9 /* ConversionType.cpp */ = {isa = PBXFileReference; fileEncoding = 4; lastKnownFileType = sourcecode.cpp.cpp; path = ConversionType.cpp; sourceTree = "<group>"; };
/* End PBXFileReference section */

/* Begin PBXFrameworksBuildPhase section */
		191B40EF213B400900FC145E /* Frameworks */ = {
			isa = PBXFrameworksBuildPhase;
			buildActionMask = 2147483647;
			files = (
			);
			runOnlyForDeploymentPostprocessing = 0;
		};
/* End PBXFrameworksBuildPhase section */

/* Begin PBXGroup section */
		191B40E9213B400900FC145E = {
			isa = PBXGroup;
			children = (
				1999FF2A213B4044008ADFA9 /* Source */,
				191B40F3213B400900FC145E /* Products */,
			);
			sourceTree = "<group>";
		};
		191B40F3213B400900FC145E /* Products */ = {
			isa = PBXGroup;
			children = (
				191B40F2213B400900FC145E /* libFreeImage.a */,
			);
			name = Products;
			sourceTree = "<group>";
		};
		19990060213B4501008ADFA9 /* Metadata */ = {
			isa = PBXGroup;
			children = (
				19990061213B4501008ADFA9 /* FIRational.cpp */,
				19990062213B4501008ADFA9 /* FreeImageTag.h */,
				19990063213B4501008ADFA9 /* TagConversion.cpp */,
				19990064213B4501008ADFA9 /* IPTC.cpp */,
				19990065213B4501008ADFA9 /* FreeImageTag.cpp */,
				19990066213B4501008ADFA9 /* FIRational.h */,
				19990067213B4501008ADFA9 /* Exif.cpp */,
				19990068213B4501008ADFA9 /* TagLib.cpp */,
			);
			path = Metadata;
			sourceTree = "<group>";
		};
		1999FF2A213B4044008ADFA9 /* Source */ = {
			isa = PBXGroup;
			children = (
				19990060213B4501008ADFA9 /* Metadata */,
				1999FF2B213B4044008ADFA9 /* MapIntrospector.h */,
				1999FF2C213B4044008ADFA9 /* Plugin.h */,
				1999FF56213B4044008ADFA9 /* FreeImage.h */,
				1999FF57213B4044008ADFA9 /* Quantizers.h */,
				1999FF58213B4044008ADFA9 /* FreeImageToolkit */,
				1999FF66213B4044008ADFA9 /* Utilities.h */,
				1999FF94213B4044008ADFA9 /* CacheFile.h */,
				1999FF95213B4044008ADFA9 /* FreeImageIO.h */,
				1999FF96213B4044008ADFA9 /* ToneMapping.h */,
				1999FF97213B4044008ADFA9 /* FreeImage */,
			);
			name = Source;
			path = ../Source;
			sourceTree = "<group>";
		};
		1999FF58213B4044008ADFA9 /* FreeImageToolkit */ = {
			isa = PBXGroup;
			children = (
				1999FF59213B4044008ADFA9 /* Resize.cpp */,
				1999FF5A213B4044008ADFA9 /* MultigridPoissonSolver.cpp */,
				1999FF5B213B4044008ADFA9 /* Flip.cpp */,
				1999FF5C213B4044008ADFA9 /* ClassicRotate.cpp */,
				1999FF5D213B4044008ADFA9 /* Rescale.cpp */,
				1999FF5E213B4044008ADFA9 /* Display.cpp */,
				1999FF5F213B4044008ADFA9 /* Resize.h */,
				1999FF60213B4044008ADFA9 /* CopyPaste.cpp */,
				1999FF61213B4044008ADFA9 /* Background.cpp */,
				1999FF62213B4044008ADFA9 /* Channels.cpp */,
				1999FF63213B4044008ADFA9 /* Colors.cpp */,
				1999FF64213B4044008ADFA9 /* BSplineRotate.cpp */,
				1999FF65213B4044008ADFA9 /* Filters.h */,
			);
			path = FreeImageToolkit;
			sourceTree = "<group>";
		};
		1999FF97213B4044008ADFA9 /* FreeImage */ = {
			isa = PBXGroup;
			children = (
				1999FF98213B4044008ADFA9 /* Halftoning.cpp */,
				1999FF99213B4044008ADFA9 /* ZLibInterface.cpp */,
				1999FF9A213B4044008ADFA9 /* LFPQuantizer.cpp */,
				1999FF9B213B4044008ADFA9 /* CacheFile.cpp */,
				1999FF9C213B4044008ADFA9 /* Conversion4.cpp */,
				1999FF9D213B4044008ADFA9 /* ConversionFloat.cpp */,
				1999FF9E213B4044008ADFA9 /* tmoDrago03.cpp */,
				1999FF9F213B4044008ADFA9 /* tmoColorConvert.cpp */,
				1999FFA0213B4044008ADFA9 /* ConversionRGB16.cpp */,
				1999FFA1213B4044008ADFA9 /* Conversion32.cpp */,
				1999FFA2213B4044008ADFA9 /* FreeImageC.c */,
				1999FFA3213B4044008ADFA9 /* Conversion24.cpp */,
				1999FFA4213B4044008ADFA9 /* FreeImageIO.cpp */,
				1999FFA5213B4044008ADFA9 /* Conversion16_555.cpp */,
				1999FFA6213B4044008ADFA9 /* MemoryIO.cpp */,
				1999FFA7213B4044008ADFA9 /* ConversionRGBA16.cpp */,
				1999FFA8213B4044008ADFA9 /* ConversionUINT16.cpp */,
				1999FFA9213B4044008ADFA9 /* ConversionRGBAF.cpp */,
				1999FFAA213B4044008ADFA9 /* PluginPNG.cpp */,
				1999FFAB213B4044008ADFA9 /* tmoFattal02.cpp */,
				1999FFAC213B4044008ADFA9 /* ColorLookup.cpp */,
				1999FFAD213B4044008ADFA9 /* Plugin.cpp */,
				1999FFAE213B4044008ADFA9 /* NNQuantizer.cpp */,
				1999FFAF213B4044008ADFA9 /* GetType.cpp */,
				1999FFB0213B4044008ADFA9 /* ToneMapping.cpp */,
				1999FFB1213B4044008ADFA9 /* Conversion16_565.cpp */,
				1999FFB2213B4044008ADFA9 /* ConversionRGBF.cpp */,
				1999FFB3213B4044008ADFA9 /* tmoReinhard05.cpp */,
				1999FFB4213B4044008ADFA9 /* Conversion.cpp */,
				1999FFB5213B4044008ADFA9 /* PixelAccess.cpp */,
				1999FFB6213B4044008ADFA9 /* Conversion8.cpp */,
				1999FFB7213B4044008ADFA9 /* FreeImage.cpp */,
				1999FFB8213B4044008ADFA9 /* WuQuantizer.cpp */,
				1999FFB9213B4044008ADFA9 /* BitmapAccess.cpp */,
				1999FFBA213B4044008ADFA9 /* MultiPage.cpp */,
				1999FFBB213B4044008ADFA9 /* ConversionType.cpp */,
			);
			path = FreeImage;
			sourceTree = "<group>";
		};
/* End PBXGroup section */

/* Begin PBXHeadersBuildPhase section */
		191B40F0213B400900FC145E /* Headers */ = {
			isa = PBXHeadersBuildPhase;
			buildActionMask = 2147483647;
			files = (
				1999FFEE213B4044008ADFA9 /* Utilities.h in Headers */,
				1999006A213B4501008ADFA9 /* FreeImageTag.h in Headers */,
				1999FFE0213B4044008ADFA9 /* Quantizers.h in Headers */,
				1999FFDF213B4044008ADFA9 /* FreeImage.h in Headers */,
				1999FFED213B4044008ADFA9 /* Filters.h in Headers */,
				1999000A213B4044008ADFA9 /* CacheFile.h in Headers */,
				1999FFE7213B4044008ADFA9 /* Resize.h in Headers */,
				1999006E213B4501008ADFA9 /* FIRational.h in Headers */,
				1999000B213B4044008ADFA9 /* FreeImageIO.h in Headers */,
				1999FFC5213B4044008ADFA9 /* MapIntrospector.h in Headers */,
				1999000C213B4044008ADFA9 /* ToneMapping.h in Headers */,
				1999FFC6213B4044008ADFA9 /* Plugin.h in Headers */,
			);
			runOnlyForDeploymentPostprocessing = 0;
		};
/* End PBXHeadersBuildPhase section */

/* Begin PBXNativeTarget section */
		191B40F1213B400900FC145E /* FreeImage */ = {
			isa = PBXNativeTarget;
			buildConfigurationList = 191B40F6213B400900FC145E /* Build configuration list for PBXNativeTarget "FreeImage" */;
			buildPhases = (
				191B40EE213B400900FC145E /* Sources */,
				191B40EF213B400900FC145E /* Frameworks */,
				191B40F0213B400900FC145E /* Headers */,
			);
			buildRules = (
			);
			dependencies = (
			);
			name = FreeImage;
			productName = FreeImage;
			productReference = 191B40F2213B400900FC145E /* libFreeImage.a */;
			productType = "com.apple.product-type.library.static";
		};
/* End PBXNativeTarget section */

/* Begin PBXProject section */
		191B40EA213B400900FC145E /* Project object */ = {
			isa = PBXProject;
			attributes = {
				LastUpgradeCheck = 0940;
				ORGANIZATIONNAME = idk;
				TargetAttributes = {
					191B40F1213B400900FC145E = {
						CreatedOnToolsVersion = 9.4.1;
					};
				};
			};
			buildConfigurationList = 191B40ED213B400900FC145E /* Build configuration list for PBXProject "FreeImage" */;
			compatibilityVersion = "Xcode 9.3";
			developmentRegion = en;
			hasScannedForEncodings = 0;
			knownRegions = (
				en,
			);
			mainGroup = 191B40E9213B400900FC145E;
			productRefGroup = 191B40F3213B400900FC145E /* Products */;
			projectDirPath = "";
			projectRoot = "";
			targets = (
				191B40F1213B400900FC145E /* FreeImage */,
			);
		};
/* End PBXProject section */

/* Begin PBXSourcesBuildPhase section */
		191B40EE213B400900FC145E /* Sources */ = {
			isa = PBXSourcesBuildPhase;
			buildActionMask = 2147483647;
			files = (
				1999FFE1213B4044008ADFA9 /* Resize.cpp in Sources */,
				1999002A213B4044008ADFA9 /* PixelAccess.cpp in Sources */,
				19990028213B4044008ADFA9 /* tmoReinhard05.cpp in Sources */,
				19990029213B4044008ADFA9 /* Conversion.cpp in Sources */,
				1999FFEB213B4044008ADFA9 /* Colors.cpp in Sources */,
				19990011213B4044008ADFA9 /* Conversion4.cpp in Sources */,
				1999FFE3213B4044008ADFA9 /* Flip.cpp in Sources */,
				19990012213B4044008ADFA9 /* ConversionFloat.cpp in Sources */,
				19990070213B4501008ADFA9 /* TagLib.cpp in Sources */,
				1999001F213B4044008ADFA9 /* PluginPNG.cpp in Sources */,
				19990020213B4044008ADFA9 /* tmoFattal02.cpp in Sources */,
				1999FFE4213B4044008ADFA9 /* ClassicRotate.cpp in Sources */,
				19990019213B4044008ADFA9 /* FreeImageIO.cpp in Sources */,
				19990013213B4044008ADFA9 /* tmoDrago03.cpp in Sources */,
				19990025213B4044008ADFA9 /* ToneMapping.cpp in Sources */,
				1999002D213B4044008ADFA9 /* WuQuantizer.cpp in Sources */,
				19990016213B4044008ADFA9 /* Conversion32.cpp in Sources */,
				1999000F213B4044008ADFA9 /* LFPQuantizer.cpp in Sources */,
				19990021213B4044008ADFA9 /* ColorLookup.cpp in Sources */,
				1999FFE9213B4044008ADFA9 /* Background.cpp in Sources */,
				1999002E213B4044008ADFA9 /* BitmapAccess.cpp in Sources */,
				1999002C213B4044008ADFA9 /* FreeImage.cpp in Sources */,
				1999FFE5213B4044008ADFA9 /* Rescale.cpp in Sources */,
				1999002F213B4044008ADFA9 /* MultiPage.cpp in Sources */,
				19990022213B4044008ADFA9 /* Plugin.cpp in Sources */,
				1999000D213B4044008ADFA9 /* Halftoning.cpp in Sources */,
				1999006F213B4501008ADFA9 /* Exif.cpp in Sources */,
				19990017213B4044008ADFA9 /* FreeImageC.c in Sources */,
				1999006D213B4501008ADFA9 /* FreeImageTag.cpp in Sources */,
				19990010213B4044008ADFA9 /* CacheFile.cpp in Sources */,
				1999FFEA213B4044008ADFA9 /* Channels.cpp in Sources */,
				1999001C213B4044008ADFA9 /* ConversionRGBA16.cpp in Sources */,
				1999FFE2213B4044008ADFA9 /* MultigridPoissonSolver.cpp in Sources */,
				19990018213B4044008ADFA9 /* Conversion24.cpp in Sources */,
				1999001B213B4044008ADFA9 /* MemoryIO.cpp in Sources */,
				1999FFEC213B4044008ADFA9 /* BSplineRotate.cpp in Sources */,
				19990026213B4044008ADFA9 /* Conversion16_565.cpp in Sources */,
				19990024213B4044008ADFA9 /* GetType.cpp in Sources */,
				1999001D213B4044008ADFA9 /* ConversionUINT16.cpp in Sources */,
				1999001E213B4044008ADFA9 /* ConversionRGBAF.cpp in Sources */,
				19990030213B4044008ADFA9 /* ConversionType.cpp in Sources */,
				1999FFE8213B4044008ADFA9 /* CopyPaste.cpp in Sources */,
				19990027213B4044008ADFA9 /* ConversionRGBF.cpp in Sources */,
				19990069213B4501008ADFA9 /* FIRational.cpp in Sources */,
				1999001A213B4044008ADFA9 /* Conversion16_555.cpp in Sources */,
				19990015213B4044008ADFA9 /* ConversionRGB16.cpp in Sources */,
				1999FFE6213B4044008ADFA9 /* Display.cpp in Sources */,
				1999006B213B4501008ADFA9 /* TagConversion.cpp in Sources */,
				19990014213B4044008ADFA9 /* tmoColorConvert.cpp in Sources */,
				1999002B213B4044008ADFA9 /* Conversion8.cpp in Sources */,
				1999000E213B4044008ADFA9 /* ZLibInterface.cpp in Sources */,
				19990023213B4044008ADFA9 /* NNQuantizer.cpp in Sources */,
				1999006C213B4501008ADFA9 /* IPTC.cpp in Sources */,
			);
			runOnlyForDeploymentPostprocessing = 0;
		};
/* End PBXSourcesBuildPhase section */

/* Begin XCBuildConfiguration section */
		191B40F4213B400900FC145E /* Debug */ = {
			isa = XCBuildConfiguration;
			buildSettings = {
				ALWAYS_SEARCH_USER_PATHS = NO;
				CLANG_ANALYZER_NONNULL = YES;
				CLANG_ANALYZER_NUMBER_OBJECT_CONVERSION = YES_AGGRESSIVE;
				CLANG_CXX_LANGUAGE_STANDARD = "gnu++14";
				CLANG_CXX_LIBRARY = "libc++";
				CLANG_ENABLE_MODULES = YES;
				CLANG_ENABLE_OBJC_ARC = YES;
				CLANG_ENABLE_OBJC_WEAK = YES;
				CLANG_WARN_BLOCK_CAPTURE_AUTORELEASING = YES;
				CLANG_WARN_BOOL_CONVERSION = YES;
				CLANG_WARN_COMMA = YES;
				CLANG_WARN_CONSTANT_CONVERSION = YES;
				CLANG_WARN_DEPRECATED_OBJC_IMPLEMENTATIONS = YES;
				CLANG_WARN_DIRECT_OBJC_ISA_USAGE = YES_ERROR;
				CLANG_WARN_DOCUMENTATION_COMMENTS = YES;
				CLANG_WARN_EMPTY_BODY = YES;
				CLANG_WARN_ENUM_CONVERSION = YES;
				CLANG_WARN_INFINITE_RECURSION = YES;
				CLANG_WARN_INT_CONVERSION = YES;
				CLANG_WARN_NON_LITERAL_NULL_CONVERSION = YES;
				CLANG_WARN_OBJC_IMPLICIT_RETAIN_SELF = YES;
				CLANG_WARN_OBJC_LITERAL_CONVERSION = YES;
				CLANG_WARN_OBJC_ROOT_CLASS = YES_ERROR;
				CLANG_WARN_RANGE_LOOP_ANALYSIS = YES;
				CLANG_WARN_STRICT_PROTOTYPES = YES;
				CLANG_WARN_SUSPICIOUS_MOVE = YES;
				CLANG_WARN_UNGUARDED_AVAILABILITY = YES_AGGRESSIVE;
				CLANG_WARN_UNREACHABLE_CODE = YES;
				CLANG_WARN__DUPLICATE_METHOD_MATCH = YES;
				CODE_SIGN_IDENTITY = "-";
				COPY_PHASE_STRIP = NO;
				DEBUG_INFORMATION_FORMAT = dwarf;
				ENABLE_STRICT_OBJC_MSGSEND = YES;
				ENABLE_TESTABILITY = YES;
				GCC_C_LANGUAGE_STANDARD = gnu11;
				GCC_DYNAMIC_NO_PIC = NO;
				GCC_NO_COMMON_BLOCKS = YES;
				GCC_OPTIMIZATION_LEVEL = 0;
				GCC_PREPROCESSOR_DEFINITIONS = (
					"DEBUG=1",
					"$(inherited)",
				);
				GCC_WARN_64_TO_32_BIT_CONVERSION = YES;
				GCC_WARN_ABOUT_RETURN_TYPE = YES_ERROR;
				GCC_WARN_UNDECLARED_SELECTOR = YES;
				GCC_WARN_UNINITIALIZED_AUTOS = YES_AGGRESSIVE;
				GCC_WARN_UNUSED_FUNCTION = YES;
				GCC_WARN_UNUSED_VARIABLE = YES;
				MACOSX_DEPLOYMENT_TARGET = 10.13;
				MTL_ENABLE_DEBUG_INFO = YES;
				ONLY_ACTIVE_ARCH = YES;
				SDKROOT = macosx;
			};
			name = Debug;
		};
		191B40F5213B400900FC145E /* Release */ = {
			isa = XCBuildConfiguration;
			buildSettings = {
				ALWAYS_SEARCH_USER_PATHS = NO;
				CLANG_ANALYZER_NONNULL = YES;
				CLANG_ANALYZER_NUMBER_OBJECT_CONVERSION = YES_AGGRESSIVE;
				CLANG_CXX_LANGUAGE_STANDARD = "gnu++14";
				CLANG_CXX_LIBRARY = "libc++";
				CLANG_ENABLE_MODULES = YES;
				CLANG_ENABLE_OBJC_ARC = YES;
				CLANG_ENABLE_OBJC_WEAK = YES;
				CLANG_WARN_BLOCK_CAPTURE_AUTORELEASING = YES;
				CLANG_WARN_BOOL_CONVERSION = YES;
				CLANG_WARN_COMMA = YES;
				CLANG_WARN_CONSTANT_CONVERSION = YES;
				CLANG_WARN_DEPRECATED_OBJC_IMPLEMENTATIONS = YES;
				CLANG_WARN_DIRECT_OBJC_ISA_USAGE = YES_ERROR;
				CLANG_WARN_DOCUMENTATION_COMMENTS = YES;
				CLANG_WARN_EMPTY_BODY = YES;
				CLANG_WARN_ENUM_CONVERSION = YES;
				CLANG_WARN_INFINITE_RECURSION = YES;
				CLANG_WARN_INT_CONVERSION = YES;
				CLANG_WARN_NON_LITERAL_NULL_CONVERSION = YES;
				CLANG_WARN_OBJC_IMPLICIT_RETAIN_SELF = YES;
				CLANG_WARN_OBJC_LITERAL_CONVERSION = YES;
				CLANG_WARN_OBJC_ROOT_CLASS = YES_ERROR;
				CLANG_WARN_RANGE_LOOP_ANALYSIS = YES;
				CLANG_WARN_STRICT_PROTOTYPES = YES;
				CLANG_WARN_SUSPICIOUS_MOVE = YES;
				CLANG_WARN_UNGUARDED_AVAILABILITY = YES_AGGRESSIVE;
				CLANG_WARN_UNREACHABLE_CODE = YES;
				CLANG_WARN__DUPLICATE_METHOD_MATCH = YES;
				CODE_SIGN_IDENTITY = "-";
				COPY_PHASE_STRIP = NO;
				DEBUG_INFORMATION_FORMAT = "dwarf-with-dsym";
				ENABLE_NS_ASSERTIONS = NO;
				ENABLE_STRICT_OBJC_MSGSEND = YES;
				GCC_C_LANGUAGE_STANDARD = gnu11;
				GCC_NO_COMMON_BLOCKS = YES;
				GCC_WARN_64_TO_32_BIT_CONVERSION = YES;
				GCC_WARN_ABOUT_RETURN_TYPE = YES_ERROR;
				GCC_WARN_UNDECLARED_SELECTOR = YES;
				GCC_WARN_UNINITIALIZED_AUTOS = YES_AGGRESSIVE;
				GCC_WARN_UNUSED_FUNCTION = YES;
				GCC_WARN_UNUSED_VARIABLE = YES;
				MACOSX_DEPLOYMENT_TARGET = 10.13;
				MTL_ENABLE_DEBUG_INFO = NO;
				SDKROOT = macosx;
			};
			name = Release;
		};
		191B40F7213B400900FC145E /* Debug */ = {
			isa = XCBuildConfiguration;
			buildSettings = {
				CODE_SIGN_STYLE = Automatic;
				EXECUTABLE_PREFIX = lib;
				PRODUCT_NAME = "$(TARGET_NAME)";
				SKIP_INSTALL = YES;
			};
			name = Debug;
		};
		191B40F8213B400900FC145E /* Release */ = {
			isa = XCBuildConfiguration;
			buildSettings = {
				CODE_SIGN_STYLE = Automatic;
				EXECUTABLE_PREFIX = lib;
				PRODUCT_NAME = "$(TARGET_NAME)";
				SKIP_INSTALL = YES;
			};
			name = Release;
		};
/* End XCBuildConfiguration section */

/* Begin XCConfigurationList section */
		191B40ED213B400900FC145E /* Build configuration list for PBXProject "FreeImage" */ = {
			isa = XCConfigurationList;
			buildConfigurations = (
				191B40F4213B400900FC145E /* Debug */,
				191B40F5213B400900FC145E /* Release */,
			);
			defaultConfigurationIsVisible = 0;
			defaultConfigurationName = Release;
		};
		191B40F6213B400900FC145E /* Build configuration list for PBXNativeTarget "FreeImage" */ = {
			isa = XCConfigurationList;
			buildConfigurations = (
				191B40F7213B400900FC145E /* Debug */,
				191B40F8213B400900FC145E /* Release */,
			);
			defaultConfigurationIsVisible = 0;
			defaultConfigurationName = Release;
		};
/* End XCConfigurationList section */
	};
	rootObject = 191B40EA213B400900FC145E /* Project object */;
}
