<?xml version="1.0" encoding="UTF-8" standalone="yes" ?>
<CodeBlocks_project_file>
	<FileVersion major="1" minor="6" />
	<Project>
		<Option title="Example" />
		<Option pch_mode="2" />
		<Option compiler="gcc" />
		<Build>
			<Target title="Debug">
				<Option output="bin/Debug/Example" prefix_auto="1" extension_auto="1" />
				<Option object_output="obj/Debug/" />
				<Option type="1" />
				<Option compiler="gcc" />
				<Compiler>
					<Add option="-std=c++11" />
					<Add option="-m64" />
					<Add option="-g" />
					<Add option="-DLINUX" />
					<Add directory="../../Include" />
					<Add directory="../../Libraries/SDL2-2.0.9/include" />
					<Add directory="../../Libraries/glew-2.1.0/include" />
					<Add directory="../../Libraries/FreeImage3180/Source" />
				</Compiler>
				<Linker>
					<Add option="-m64" />
					<Add library="../Engine/bin/Debug/libEngine.a" />
					<Add library="../../Libraries/FreeImage3180/Dist/libfreeimage.a" />
					<Add library="../../Libraries/glew-2.1.0/lib/libGLEW.a" />
					<Add library="../../Libraries/SDL2-2.0.9/build/.libs/libSDL2main.a" />
					<Add library="../../Libraries/SDL2-2.0.9/build/.libs/libSDL2.a" />
					<Add library="GL" />
					<Add library="X11" />
					<Add library="dl" />
					<Add library="pthread" />
					<Add library="ogg" />
					<Add library="vorbis" />
					<Add library="vorbisfile" />
					<Add library="openal" />
				</Linker>
			</Target>
			<Target title="Release">
				<Option output="bin/Release/Example" prefix_auto="1" extension_auto="1" />
				<Option object_output="obj/Release/" />
				<Option type="1" />
				<Option compiler="gcc" />
				<Compiler>
					<Add option="-O2" />
					<Add option="-std=c++11" />
					<Add option="-m64" />
					<Add option="-DLINUX" />
					<Add directory="../../Include" />
					<Add directory="../../Libraries/SDL2-2.0.9/include" />
					<Add directory="../../Libraries/glew-2.1.0/include" />
					<Add directory="../../Libraries/FreeImage3180/Source" />
				</Compiler>
				<Linker>
					<Add option="-s" />
					<Add option="-m64" />
					<Add library="../Engine/bin/Release/libEngine.a" />
					<Add library="../../Libraries/glew-2.1.0/lib/libGLEW.a" />
					<Add library="../../Libraries/FreeImage3180/libfreeimage.a" />
					<Add library="../../Libraries/SDL2-2.0.9/build/.libs/libSDL2main.a" />
					<Add library="../../Libraries/SDL2-2.0.9/build/.libs/libSDL2.a" />
					<Add library="GL" />
					<Add library="X11" />
					<Add library="dl" />
					<Add library="pthread" />
					<Add library="ogg" />
					<Add library="vorbis" />
					<Add library="vorbisfile" />
					<Add library="openal" />
				</Linker>
			</Target>
		</Build>
		<Compiler>
			<Add option="-Wall" />
		</Compiler>
		<Unit filename="Collision/Collision.cpp" />
		<Unit filename="Collision/Collision.h" />
		<Unit filename="Main.cpp" />
		<Extensions>
			<code_completion />
			<debugger>
				<search_path add="bin/Debug" />
			</debugger>
		</Extensions>
	</Project>
</CodeBlocks_project_file>
